// !$*UTF8*$!
{
	archiveVersion = 1;
	classes = {
	};
	objectVersion = 50;
	objects = {

/* Begin PBXBuildFile section */
		043E4E6A8CFB0F75C8EF07DA /* Pods_Rugged_Spot.framework in Frameworks */ = {isa = PBXBuildFile; fileRef = 4C4B4FA19D37F6D02914A994 /* Pods_Rugged_Spot.framework */; };
		3C06EF822190B4A800CBDD50 /* GoogleService-Info.plist in Resources */ = {isa = PBXBuildFile; fileRef = 3C06EF812190B4A800CBDD50 /* GoogleService-Info.plist */; };
		3C082DE7221494080039C792 /* TournamentType.swift in Sources */ = {isa = PBXBuildFile; fileRef = 3C082DE6221494080039C792 /* TournamentType.swift */; };
		3C082DEA221494910039C792 /* League.swift in Sources */ = {isa = PBXBuildFile; fileRef = 3C082DE9221494910039C792 /* League.swift */; };
		3C16CE5721BF1A470095BE30 /* Team+Convenience.swift in Sources */ = {isa = PBXBuildFile; fileRef = 3C16CE5621BF1A470095BE30 /* Team+Convenience.swift */; };
		3C16CE5921BF1AE60095BE30 /* TeamController.swift in Sources */ = {isa = PBXBuildFile; fileRef = 3C16CE5821BF1AE60095BE30 /* TeamController.swift */; };
		3C16CE7D21BF1C030095BE30 /* Rugged Spot.xcdatamodeld in Sources */ = {isa = PBXBuildFile; fileRef = 3C16CE7B21BF1C030095BE30 /* Rugged Spot.xcdatamodeld */; };
		3C16CE7F21BF1C5E0095BE30 /* CoreDataStack.swift in Sources */ = {isa = PBXBuildFile; fileRef = 3C16CE7E21BF1C5E0095BE30 /* CoreDataStack.swift */; };
		3C241A0121BF25DC00D35E67 /* TeamTableViewCell.swift in Sources */ = {isa = PBXBuildFile; fileRef = 3C241A0021BF25DC00D35E67 /* TeamTableViewCell.swift */; };
		3C241A0321BF266B00D35E67 /* TeamDetail.storyboard in Resources */ = {isa = PBXBuildFile; fileRef = 3C241A0221BF266B00D35E67 /* TeamDetail.storyboard */; };
		3C241A0521BF284600D35E67 /* TeamDetailViewController.swift in Sources */ = {isa = PBXBuildFile; fileRef = 3C241A0421BF284600D35E67 /* TeamDetailViewController.swift */; };
		3C2A9D6121EE462300B72967 /* String+Extension.swift in Sources */ = {isa = PBXBuildFile; fileRef = 3C2A9D6021EE462300B72967 /* String+Extension.swift */; };
		3C2A9D6321EE7C1100B72967 /* TournamentDetail.storyboard in Resources */ = {isa = PBXBuildFile; fileRef = 3C2A9D6221EE7C1100B72967 /* TournamentDetail.storyboard */; };
		3C2A9D6521EE7F2000B72967 /* TournamentDetailViewController.swift in Sources */ = {isa = PBXBuildFile; fileRef = 3C2A9D6421EE7F2000B72967 /* TournamentDetailViewController.swift */; };
		3C64F80E2211D8FD0058AA91 /* StateSearch.storyboard in Resources */ = {isa = PBXBuildFile; fileRef = 3C64F80D2211D8FD0058AA91 /* StateSearch.storyboard */; };
		3C64F8102211DB5F0058AA91 /* StateSearchViewController.swift in Sources */ = {isa = PBXBuildFile; fileRef = 3C64F80F2211DB5F0058AA91 /* StateSearchViewController.swift */; };
		3C64F8182211EA1F0058AA91 /* LabelCollectionViewCell.swift in Sources */ = {isa = PBXBuildFile; fileRef = 3C64F8172211EA1F0058AA91 /* LabelCollectionViewCell.swift */; };
		3C64F81A2211ED580058AA91 /* BorderedLabel.swift in Sources */ = {isa = PBXBuildFile; fileRef = 3C64F8192211ED580058AA91 /* BorderedLabel.swift */; };
		3C64F81C2211F6220058AA91 /* StateController.swift in Sources */ = {isa = PBXBuildFile; fileRef = 3C64F81B2211F6220058AA91 /* StateController.swift */; };
		3C64F81E221203460058AA91 /* FilteredSearch.storyboard in Resources */ = {isa = PBXBuildFile; fileRef = 3C64F81D221203460058AA91 /* FilteredSearch.storyboard */; };
		3C64F820221204B50058AA91 /* FilteredSearchViewController.swift in Sources */ = {isa = PBXBuildFile; fileRef = 3C64F81F221204B50058AA91 /* FilteredSearchViewController.swift */; };
		3C64F822221205C40058AA91 /* DivisionController.swift in Sources */ = {isa = PBXBuildFile; fileRef = 3C64F821221205C40058AA91 /* DivisionController.swift */; };
		3C64F824221217060058AA91 /* StyleController.swift in Sources */ = {isa = PBXBuildFile; fileRef = 3C64F823221217060058AA91 /* StyleController.swift */; };
		3C64F82622122EB80058AA91 /* Selectable.swift in Sources */ = {isa = PBXBuildFile; fileRef = 3C64F82522122EB80058AA91 /* Selectable.swift */; };
		3C745BD421BF201E008FC97E /* TabBar.storyboard in Resources */ = {isa = PBXBuildFile; fileRef = 3C745BD321BF201E008FC97E /* TabBar.storyboard */; };
		3C745BD621BF238F008FC97E /* MyTeams.storyboard in Resources */ = {isa = PBXBuildFile; fileRef = 3C745BD521BF238F008FC97E /* MyTeams.storyboard */; };
		3C745BD821BF244D008FC97E /* TeamsListViewController.swift in Sources */ = {isa = PBXBuildFile; fileRef = 3C745BD721BF244D008FC97E /* TeamsListViewController.swift */; };
		3C76187F2208E6AE00CA8E6F /* PickerTextField.swift in Sources */ = {isa = PBXBuildFile; fileRef = 3C76187E2208E6AE00CA8E6F /* PickerTextField.swift */; };
		3C880AA5221DF1DE003BF108 /* MainButton.swift in Sources */ = {isa = PBXBuildFile; fileRef = 3C880AA4221DF1DE003BF108 /* MainButton.swift */; };
		3C880AA9221DF790003BF108 /* LeagueController.swift in Sources */ = {isa = PBXBuildFile; fileRef = 3C880AA8221DF790003BF108 /* LeagueController.swift */; };
		3C8E8E6A2190A5AC00C26EA7 /* State.swift in Sources */ = {isa = PBXBuildFile; fileRef = 3C8E8E692190A5AC00C26EA7 /* State.swift */; };
		3C8E8E6D2190A72400C26EA7 /* Division.swift in Sources */ = {isa = PBXBuildFile; fileRef = 3C8E8E6C2190A72400C26EA7 /* Division.swift */; };
		3C8E8E6F2190A72C00C26EA7 /* Style.swift in Sources */ = {isa = PBXBuildFile; fileRef = 3C8E8E6E2190A72C00C26EA7 /* Style.swift */; };
		3C95160D21ED4CBE00C7491D /* ShadowView.swift in Sources */ = {isa = PBXBuildFile; fileRef = 3C95160C21ED4CBE00C7491D /* ShadowView.swift */; };
		3CA3A92221AA364E00CA8662 /* UITextField+Extensions.swift in Sources */ = {isa = PBXBuildFile; fileRef = 3CA3A92121AA364E00CA8662 /* UITextField+Extensions.swift */; };
		3CF1F19A2190E40100C8D561 /* Tournament.swift in Sources */ = {isa = PBXBuildFile; fileRef = 3CF1F1992190E40100C8D561 /* Tournament.swift */; };
		3CF1F19C2190E55800C8D561 /* TournamentController.swift in Sources */ = {isa = PBXBuildFile; fileRef = 3CF1F19B2190E55800C8D561 /* TournamentController.swift */; };
		3CF1F1A52191730C00C8D561 /* TournamentTableViewCell.swift in Sources */ = {isa = PBXBuildFile; fileRef = 3CF1F1A42191730C00C8D561 /* TournamentTableViewCell.swift */; };
		3CFCF2F62190A03700DFF9FD /* AppDelegate.swift in Sources */ = {isa = PBXBuildFile; fileRef = 3CFCF2F52190A03700DFF9FD /* AppDelegate.swift */; };
		3CFCF2FB2190A03700DFF9FD /* Search.storyboard in Resources */ = {isa = PBXBuildFile; fileRef = 3CFCF2F92190A03700DFF9FD /* Search.storyboard */; };
		3CFCF2FD2190A03B00DFF9FD /* Assets.xcassets in Resources */ = {isa = PBXBuildFile; fileRef = 3CFCF2FC2190A03B00DFF9FD /* Assets.xcassets */; };
		3CFCF3002190A03B00DFF9FD /* LaunchScreen.storyboard in Resources */ = {isa = PBXBuildFile; fileRef = 3CFCF2FE2190A03B00DFF9FD /* LaunchScreen.storyboard */; };
		3CFCF30A2190A3C800DFF9FD /* SearchViewController.swift in Sources */ = {isa = PBXBuildFile; fileRef = 3CFCF3092190A3C800DFF9FD /* SearchViewController.swift */; };
/* End PBXBuildFile section */

/* Begin PBXFileReference section */
		3C06EF812190B4A800CBDD50 /* GoogleService-Info.plist */ = {isa = PBXFileReference; fileEncoding = 4; lastKnownFileType = text.plist.xml; path = "GoogleService-Info.plist"; sourceTree = "<group>"; };
		3C082DE6221494080039C792 /* TournamentType.swift */ = {isa = PBXFileReference; lastKnownFileType = sourcecode.swift; path = TournamentType.swift; sourceTree = "<group>"; };
		3C082DE9221494910039C792 /* League.swift */ = {isa = PBXFileReference; lastKnownFileType = sourcecode.swift; name = League.swift; path = ../Helpers/League.swift; sourceTree = "<group>"; };
		3C16CE5621BF1A470095BE30 /* Team+Convenience.swift */ = {isa = PBXFileReference; lastKnownFileType = sourcecode.swift; path = "Team+Convenience.swift"; sourceTree = "<group>"; };
		3C16CE5821BF1AE60095BE30 /* TeamController.swift */ = {isa = PBXFileReference; lastKnownFileType = sourcecode.swift; path = TeamController.swift; sourceTree = "<group>"; };
		3C16CE7C21BF1C030095BE30 /* Rugged Spot.xcdatamodel */ = {isa = PBXFileReference; lastKnownFileType = wrapper.xcdatamodel; path = "Rugged Spot.xcdatamodel"; sourceTree = "<group>"; };
		3C16CE7E21BF1C5E0095BE30 /* CoreDataStack.swift */ = {isa = PBXFileReference; lastKnownFileType = sourcecode.swift; path = CoreDataStack.swift; sourceTree = "<group>"; };
		3C241A0021BF25DC00D35E67 /* TeamTableViewCell.swift */ = {isa = PBXFileReference; lastKnownFileType = sourcecode.swift; path = TeamTableViewCell.swift; sourceTree = "<group>"; };
		3C241A0221BF266B00D35E67 /* TeamDetail.storyboard */ = {isa = PBXFileReference; lastKnownFileType = file.storyboard; path = TeamDetail.storyboard; sourceTree = "<group>"; };
		3C241A0421BF284600D35E67 /* TeamDetailViewController.swift */ = {isa = PBXFileReference; lastKnownFileType = sourcecode.swift; path = TeamDetailViewController.swift; sourceTree = "<group>"; };
		3C2A9D6021EE462300B72967 /* String+Extension.swift */ = {isa = PBXFileReference; lastKnownFileType = sourcecode.swift; path = "String+Extension.swift"; sourceTree = "<group>"; };
		3C2A9D6221EE7C1100B72967 /* TournamentDetail.storyboard */ = {isa = PBXFileReference; lastKnownFileType = file.storyboard; path = TournamentDetail.storyboard; sourceTree = "<group>"; };
		3C2A9D6421EE7F2000B72967 /* TournamentDetailViewController.swift */ = {isa = PBXFileReference; lastKnownFileType = sourcecode.swift; path = TournamentDetailViewController.swift; sourceTree = "<group>"; };
		3C64F80D2211D8FD0058AA91 /* StateSearch.storyboard */ = {isa = PBXFileReference; lastKnownFileType = file.storyboard; path = StateSearch.storyboard; sourceTree = "<group>"; };
		3C64F80F2211DB5F0058AA91 /* StateSearchViewController.swift */ = {isa = PBXFileReference; lastKnownFileType = sourcecode.swift; path = StateSearchViewController.swift; sourceTree = "<group>"; };
		3C64F8172211EA1F0058AA91 /* LabelCollectionViewCell.swift */ = {isa = PBXFileReference; lastKnownFileType = sourcecode.swift; path = LabelCollectionViewCell.swift; sourceTree = "<group>"; };
		3C64F8192211ED580058AA91 /* BorderedLabel.swift */ = {isa = PBXFileReference; lastKnownFileType = sourcecode.swift; path = BorderedLabel.swift; sourceTree = "<group>"; };
		3C64F81B2211F6220058AA91 /* StateController.swift */ = {isa = PBXFileReference; lastKnownFileType = sourcecode.swift; path = StateController.swift; sourceTree = "<group>"; };
		3C64F81D221203460058AA91 /* FilteredSearch.storyboard */ = {isa = PBXFileReference; lastKnownFileType = file.storyboard; path = FilteredSearch.storyboard; sourceTree = "<group>"; };
		3C64F81F221204B50058AA91 /* FilteredSearchViewController.swift */ = {isa = PBXFileReference; lastKnownFileType = sourcecode.swift; path = FilteredSearchViewController.swift; sourceTree = "<group>"; };
		3C64F821221205C40058AA91 /* DivisionController.swift */ = {isa = PBXFileReference; lastKnownFileType = sourcecode.swift; path = DivisionController.swift; sourceTree = "<group>"; };
		3C64F823221217060058AA91 /* StyleController.swift */ = {isa = PBXFileReference; lastKnownFileType = sourcecode.swift; path = StyleController.swift; sourceTree = "<group>"; };
		3C64F82522122EB80058AA91 /* Selectable.swift */ = {isa = PBXFileReference; lastKnownFileType = sourcecode.swift; path = Selectable.swift; sourceTree = "<group>"; };
		3C745BD321BF201E008FC97E /* TabBar.storyboard */ = {isa = PBXFileReference; lastKnownFileType = file.storyboard; path = TabBar.storyboard; sourceTree = "<group>"; };
		3C745BD521BF238F008FC97E /* MyTeams.storyboard */ = {isa = PBXFileReference; lastKnownFileType = file.storyboard; path = MyTeams.storyboard; sourceTree = "<group>"; };
		3C745BD721BF244D008FC97E /* TeamsListViewController.swift */ = {isa = PBXFileReference; lastKnownFileType = sourcecode.swift; path = TeamsListViewController.swift; sourceTree = "<group>"; };
		3C76187E2208E6AE00CA8E6F /* PickerTextField.swift */ = {isa = PBXFileReference; lastKnownFileType = sourcecode.swift; path = PickerTextField.swift; sourceTree = "<group>"; };
		3C880AA4221DF1DE003BF108 /* MainButton.swift */ = {isa = PBXFileReference; lastKnownFileType = sourcecode.swift; path = MainButton.swift; sourceTree = "<group>"; };
		3C880AA8221DF790003BF108 /* LeagueController.swift */ = {isa = PBXFileReference; lastKnownFileType = sourcecode.swift; path = LeagueController.swift; sourceTree = "<group>"; };
		3C8E8E692190A5AC00C26EA7 /* State.swift */ = {isa = PBXFileReference; lastKnownFileType = sourcecode.swift; path = State.swift; sourceTree = "<group>"; };
		3C8E8E6C2190A72400C26EA7 /* Division.swift */ = {isa = PBXFileReference; lastKnownFileType = sourcecode.swift; path = Division.swift; sourceTree = "<group>"; };
		3C8E8E6E2190A72C00C26EA7 /* Style.swift */ = {isa = PBXFileReference; lastKnownFileType = sourcecode.swift; path = Style.swift; sourceTree = "<group>"; };
		3C95160C21ED4CBE00C7491D /* ShadowView.swift */ = {isa = PBXFileReference; lastKnownFileType = sourcecode.swift; path = ShadowView.swift; sourceTree = "<group>"; };
		3CA3A92121AA364E00CA8662 /* UITextField+Extensions.swift */ = {isa = PBXFileReference; lastKnownFileType = sourcecode.swift; path = "UITextField+Extensions.swift"; sourceTree = "<group>"; };
		3CF1F1992190E40100C8D561 /* Tournament.swift */ = {isa = PBXFileReference; lastKnownFileType = sourcecode.swift; path = Tournament.swift; sourceTree = "<group>"; };
		3CF1F19B2190E55800C8D561 /* TournamentController.swift */ = {isa = PBXFileReference; lastKnownFileType = sourcecode.swift; path = TournamentController.swift; sourceTree = "<group>"; };
		3CF1F1A42191730C00C8D561 /* TournamentTableViewCell.swift */ = {isa = PBXFileReference; lastKnownFileType = sourcecode.swift; path = TournamentTableViewCell.swift; sourceTree = "<group>"; };
		3CFCF2F22190A03700DFF9FD /* Rugged Spot.app */ = {isa = PBXFileReference; explicitFileType = wrapper.application; includeInIndex = 0; path = "Rugged Spot.app"; sourceTree = BUILT_PRODUCTS_DIR; };
		3CFCF2F52190A03700DFF9FD /* AppDelegate.swift */ = {isa = PBXFileReference; lastKnownFileType = sourcecode.swift; path = AppDelegate.swift; sourceTree = "<group>"; };
		3CFCF2FA2190A03700DFF9FD /* Base */ = {isa = PBXFileReference; lastKnownFileType = file.storyboard; name = Base; path = Base.lproj/Search.storyboard; sourceTree = "<group>"; };
		3CFCF2FC2190A03B00DFF9FD /* Assets.xcassets */ = {isa = PBXFileReference; lastKnownFileType = folder.assetcatalog; path = Assets.xcassets; sourceTree = "<group>"; };
		3CFCF2FF2190A03B00DFF9FD /* Base */ = {isa = PBXFileReference; lastKnownFileType = file.storyboard; name = Base; path = Base.lproj/LaunchScreen.storyboard; sourceTree = "<group>"; };
		3CFCF3012190A03B00DFF9FD /* Info.plist */ = {isa = PBXFileReference; lastKnownFileType = text.plist.xml; path = Info.plist; sourceTree = "<group>"; };
		3CFCF3092190A3C800DFF9FD /* SearchViewController.swift */ = {isa = PBXFileReference; lastKnownFileType = sourcecode.swift; path = SearchViewController.swift; sourceTree = "<group>"; };
		4C4B4FA19D37F6D02914A994 /* Pods_Rugged_Spot.framework */ = {isa = PBXFileReference; explicitFileType = wrapper.framework; includeInIndex = 0; path = Pods_Rugged_Spot.framework; sourceTree = BUILT_PRODUCTS_DIR; };
		AB77C89C6F599DA87D8495D1 /* Pods-Rugged Spot.release.xcconfig */ = {isa = PBXFileReference; includeInIndex = 1; lastKnownFileType = text.xcconfig; name = "Pods-Rugged Spot.release.xcconfig"; path = "Pods/Target Support Files/Pods-Rugged Spot/Pods-Rugged Spot.release.xcconfig"; sourceTree = "<group>"; };
		BD48DD1B7875F268E84463DB /* Pods-Rugged Spot.debug.xcconfig */ = {isa = PBXFileReference; includeInIndex = 1; lastKnownFileType = text.xcconfig; name = "Pods-Rugged Spot.debug.xcconfig"; path = "Pods/Target Support Files/Pods-Rugged Spot/Pods-Rugged Spot.debug.xcconfig"; sourceTree = "<group>"; };
/* End PBXFileReference section */

/* Begin PBXFrameworksBuildPhase section */
		3CFCF2EF2190A03700DFF9FD /* Frameworks */ = {
			isa = PBXFrameworksBuildPhase;
			buildActionMask = 2147483647;
			files = (
				043E4E6A8CFB0F75C8EF07DA /* Pods_Rugged_Spot.framework in Frameworks */,
			);
			runOnlyForDeploymentPostprocessing = 0;
		};
/* End PBXFrameworksBuildPhase section */

/* Begin PBXGroup section */
		150488ACADEF3B8BDF0434A3 /* Pods */ = {
			isa = PBXGroup;
			children = (
				BD48DD1B7875F268E84463DB /* Pods-Rugged Spot.debug.xcconfig */,
				AB77C89C6F599DA87D8495D1 /* Pods-Rugged Spot.release.xcconfig */,
			);
			name = Pods;
			sourceTree = "<group>";
		};
		3C8E8E6B2190A71A00C26EA7 /* Models */ = {
			isa = PBXGroup;
			children = (
				3CF1F1992190E40100C8D561 /* Tournament.swift */,
				3C082DE6221494080039C792 /* TournamentType.swift */,
				3C8E8E692190A5AC00C26EA7 /* State.swift */,
				3C8E8E6C2190A72400C26EA7 /* Division.swift */,
				3C8E8E6E2190A72C00C26EA7 /* Style.swift */,
				3C082DE9221494910039C792 /* League.swift */,
				3C16CE7B21BF1C030095BE30 /* Rugged Spot.xcdatamodeld */,
				3C16CE5621BF1A470095BE30 /* Team+Convenience.swift */,
				3C16CE7E21BF1C5E0095BE30 /* CoreDataStack.swift */,
			);
			path = Models;
			sourceTree = "<group>";
		};
		3CA3A92321AA365900CA8662 /* Helpers */ = {
			isa = PBXGroup;
			children = (
				3CA3A92121AA364E00CA8662 /* UITextField+Extensions.swift */,
				3C2A9D6021EE462300B72967 /* String+Extension.swift */,
				3C64F82522122EB80058AA91 /* Selectable.swift */,
			);
			path = Helpers;
			sourceTree = "<group>";
		};
		3CF1F19D2190E68A00C8D561 /* Model Controllers */ = {
			isa = PBXGroup;
			children = (
				3CF1F19B2190E55800C8D561 /* TournamentController.swift */,
				3C64F81B2211F6220058AA91 /* StateController.swift */,
				3C64F821221205C40058AA91 /* DivisionController.swift */,
				3C64F823221217060058AA91 /* StyleController.swift */,
				3C880AA8221DF790003BF108 /* LeagueController.swift */,
				3C16CE5821BF1AE60095BE30 /* TeamController.swift */,
			);
			path = "Model Controllers";
			sourceTree = "<group>";
		};
		3CF1F1A62191736800C8D561 /* Storyboards */ = {
			isa = PBXGroup;
			children = (
				3C745BD321BF201E008FC97E /* TabBar.storyboard */,
				3C64F80D2211D8FD0058AA91 /* StateSearch.storyboard */,
				3C64F81D221203460058AA91 /* FilteredSearch.storyboard */,
				3CFCF2F92190A03700DFF9FD /* Search.storyboard */,
				3C2A9D6221EE7C1100B72967 /* TournamentDetail.storyboard */,
				3C745BD521BF238F008FC97E /* MyTeams.storyboard */,
				3C241A0221BF266B00D35E67 /* TeamDetail.storyboard */,
			);
			path = Storyboards;
			sourceTree = "<group>";
		};
		3CFCF2E92190A03700DFF9FD = {
			isa = PBXGroup;
			children = (
				3CFCF2F42190A03700DFF9FD /* Rugged Spot */,
				3CFCF2F32190A03700DFF9FD /* Products */,
				150488ACADEF3B8BDF0434A3 /* Pods */,
				780DF2EBE0215D7CADDC66BC /* Frameworks */,
			);
			sourceTree = "<group>";
		};
		3CFCF2F32190A03700DFF9FD /* Products */ = {
			isa = PBXGroup;
			children = (
				3CFCF2F22190A03700DFF9FD /* Rugged Spot.app */,
			);
			name = Products;
			sourceTree = "<group>";
		};
		3CFCF2F42190A03700DFF9FD /* Rugged Spot */ = {
			isa = PBXGroup;
			children = (
				3C8E8E6B2190A71A00C26EA7 /* Models */,
				3CFCF3082190A3A300DFF9FD /* Views */,
				3CFCF30B2190A3CC00DFF9FD /* Controllers */,
				3CF1F1A62191736800C8D561 /* Storyboards */,
				3CA3A92321AA365900CA8662 /* Helpers */,
				3CFCF3072190A04F00DFF9FD /* Resources */,
			);
			path = "Rugged Spot";
			sourceTree = "<group>";
		};
		3CFCF3072190A04F00DFF9FD /* Resources */ = {
			isa = PBXGroup;
			children = (
				3CFCF2F52190A03700DFF9FD /* AppDelegate.swift */,
				3C06EF812190B4A800CBDD50 /* GoogleService-Info.plist */,
				3CFCF2FC2190A03B00DFF9FD /* Assets.xcassets */,
				3CFCF2FE2190A03B00DFF9FD /* LaunchScreen.storyboard */,
				3CFCF3012190A03B00DFF9FD /* Info.plist */,
			);
			path = Resources;
			sourceTree = "<group>";
		};
		3CFCF3082190A3A300DFF9FD /* Views */ = {
			isa = PBXGroup;
			children = (
				3CF1F1A42191730C00C8D561 /* TournamentTableViewCell.swift */,
				3C64F8172211EA1F0058AA91 /* LabelCollectionViewCell.swift */,
				3C241A0021BF25DC00D35E67 /* TeamTableViewCell.swift */,
				3C95160C21ED4CBE00C7491D /* ShadowView.swift */,
				3C76187E2208E6AE00CA8E6F /* PickerTextField.swift */,
				3C64F8192211ED580058AA91 /* BorderedLabel.swift */,
				3C880AA4221DF1DE003BF108 /* MainButton.swift */,
			);
			path = Views;
			sourceTree = "<group>";
		};
		3CFCF30B2190A3CC00DFF9FD /* Controllers */ = {
			isa = PBXGroup;
			children = (
				3CF1F19D2190E68A00C8D561 /* Model Controllers */,
				3CFCF30C2190A3DE00DFF9FD /* View Controllers */,
			);
			path = Controllers;
			sourceTree = "<group>";
		};
		3CFCF30C2190A3DE00DFF9FD /* View Controllers */ = {
			isa = PBXGroup;
			children = (
				3C64F80F2211DB5F0058AA91 /* StateSearchViewController.swift */,
				3C64F81F221204B50058AA91 /* FilteredSearchViewController.swift */,
				3CFCF3092190A3C800DFF9FD /* SearchViewController.swift */,
				3C2A9D6421EE7F2000B72967 /* TournamentDetailViewController.swift */,
				3C745BD721BF244D008FC97E /* TeamsListViewController.swift */,
				3C241A0421BF284600D35E67 /* TeamDetailViewController.swift */,
			);
			path = "View Controllers";
			sourceTree = "<group>";
		};
		780DF2EBE0215D7CADDC66BC /* Frameworks */ = {
			isa = PBXGroup;
			children = (
				4C4B4FA19D37F6D02914A994 /* Pods_Rugged_Spot.framework */,
			);
			name = Frameworks;
			sourceTree = "<group>";
		};
/* End PBXGroup section */

/* Begin PBXNativeTarget section */
		3CFCF2F12190A03700DFF9FD /* Rugged Spot */ = {
			isa = PBXNativeTarget;
			buildConfigurationList = 3CFCF3042190A03B00DFF9FD /* Build configuration list for PBXNativeTarget "Rugged Spot" */;
			buildPhases = (
				C8F6731BF7876BD8C587B4B7 /* [CP] Check Pods Manifest.lock */,
				3CFCF2EE2190A03700DFF9FD /* Sources */,
				3CFCF2EF2190A03700DFF9FD /* Frameworks */,
				3CFCF2F02190A03700DFF9FD /* Resources */,
				812FE2BFE57A7960FDA51688 /* [CP] Embed Pods Frameworks */,
			);
			buildRules = (
			);
			dependencies = (
			);
			name = "Rugged Spot";
			productName = "Rugged Spot";
			productReference = 3CFCF2F22190A03700DFF9FD /* Rugged Spot.app */;
			productType = "com.apple.product-type.application";
		};
/* End PBXNativeTarget section */

/* Begin PBXProject section */
		3CFCF2EA2190A03700DFF9FD /* Project object */ = {
			isa = PBXProject;
			attributes = {
				LastSwiftUpdateCheck = 1000;
				LastUpgradeCheck = 1000;
				ORGANIZATIONNAME = ETLanza;
				TargetAttributes = {
					3CFCF2F12190A03700DFF9FD = {
						CreatedOnToolsVersion = 10.0;
					};
				};
			};
			buildConfigurationList = 3CFCF2ED2190A03700DFF9FD /* Build configuration list for PBXProject "Rugged Spot" */;
			compatibilityVersion = "Xcode 9.3";
			developmentRegion = en;
			hasScannedForEncodings = 0;
			knownRegions = (
				en,
				Base,
			);
			mainGroup = 3CFCF2E92190A03700DFF9FD;
			productRefGroup = 3CFCF2F32190A03700DFF9FD /* Products */;
			projectDirPath = "";
			projectRoot = "";
			targets = (
				3CFCF2F12190A03700DFF9FD /* Rugged Spot */,
			);
		};
/* End PBXProject section */

/* Begin PBXResourcesBuildPhase section */
		3CFCF2F02190A03700DFF9FD /* Resources */ = {
			isa = PBXResourcesBuildPhase;
			buildActionMask = 2147483647;
			files = (
				3CFCF3002190A03B00DFF9FD /* LaunchScreen.storyboard in Resources */,
				3C2A9D6321EE7C1100B72967 /* TournamentDetail.storyboard in Resources */,
				3C06EF822190B4A800CBDD50 /* GoogleService-Info.plist in Resources */,
				3C64F81E221203460058AA91 /* FilteredSearch.storyboard in Resources */,
				3CFCF2FD2190A03B00DFF9FD /* Assets.xcassets in Resources */,
				3C745BD421BF201E008FC97E /* TabBar.storyboard in Resources */,
				3C64F80E2211D8FD0058AA91 /* StateSearch.storyboard in Resources */,
				3C745BD621BF238F008FC97E /* MyTeams.storyboard in Resources */,
				3C241A0321BF266B00D35E67 /* TeamDetail.storyboard in Resources */,
				3CFCF2FB2190A03700DFF9FD /* Search.storyboard in Resources */,
			);
			runOnlyForDeploymentPostprocessing = 0;
		};
/* End PBXResourcesBuildPhase section */

/* Begin PBXShellScriptBuildPhase section */
		812FE2BFE57A7960FDA51688 /* [CP] Embed Pods Frameworks */ = {
			isa = PBXShellScriptBuildPhase;
			buildActionMask = 2147483647;
			files = (
			);
			inputPaths = (
				"${SRCROOT}/Pods/Target Support Files/Pods-Rugged Spot/Pods-Rugged Spot-frameworks.sh",
				"${BUILT_PRODUCTS_DIR}/GTMSessionFetcher/GTMSessionFetcher.framework",
				"${BUILT_PRODUCTS_DIR}/GoogleToolboxForMac/GoogleToolboxForMac.framework",
				"${BUILT_PRODUCTS_DIR}/SDWebImage/SDWebImage.framework",
				"${BUILT_PRODUCTS_DIR}/leveldb-library/leveldb.framework",
				"${BUILT_PRODUCTS_DIR}/nanopb/nanopb.framework",
			);
			name = "[CP] Embed Pods Frameworks";
			outputPaths = (
				"${TARGET_BUILD_DIR}/${FRAMEWORKS_FOLDER_PATH}/GTMSessionFetcher.framework",
				"${TARGET_BUILD_DIR}/${FRAMEWORKS_FOLDER_PATH}/GoogleToolboxForMac.framework",
				"${TARGET_BUILD_DIR}/${FRAMEWORKS_FOLDER_PATH}/SDWebImage.framework",
				"${TARGET_BUILD_DIR}/${FRAMEWORKS_FOLDER_PATH}/leveldb.framework",
				"${TARGET_BUILD_DIR}/${FRAMEWORKS_FOLDER_PATH}/nanopb.framework",
			);
			runOnlyForDeploymentPostprocessing = 0;
			shellPath = /bin/sh;
			shellScript = "\"${SRCROOT}/Pods/Target Support Files/Pods-Rugged Spot/Pods-Rugged Spot-frameworks.sh\"\n";
			showEnvVarsInLog = 0;
		};
		C8F6731BF7876BD8C587B4B7 /* [CP] Check Pods Manifest.lock */ = {
			isa = PBXShellScriptBuildPhase;
			buildActionMask = 2147483647;
			files = (
			);
			inputPaths = (
				"${PODS_PODFILE_DIR_PATH}/Podfile.lock",
				"${PODS_ROOT}/Manifest.lock",
			);
			name = "[CP] Check Pods Manifest.lock";
			outputPaths = (
				"$(DERIVED_FILE_DIR)/Pods-Rugged Spot-checkManifestLockResult.txt",
			);
			runOnlyForDeploymentPostprocessing = 0;
			shellPath = /bin/sh;
			shellScript = "diff \"${PODS_PODFILE_DIR_PATH}/Podfile.lock\" \"${PODS_ROOT}/Manifest.lock\" > /dev/null\nif [ $? != 0 ] ; then\n    # print error to STDERR\n    echo \"error: The sandbox is not in sync with the Podfile.lock. Run 'pod install' or update your CocoaPods installation.\" >&2\n    exit 1\nfi\n# This output is used by Xcode 'outputs' to avoid re-running this script phase.\necho \"SUCCESS\" > \"${SCRIPT_OUTPUT_FILE_0}\"\n";
			showEnvVarsInLog = 0;
		};
/* End PBXShellScriptBuildPhase section */

/* Begin PBXSourcesBuildPhase section */
		3CFCF2EE2190A03700DFF9FD /* Sources */ = {
			isa = PBXSourcesBuildPhase;
			buildActionMask = 2147483647;
			files = (
				3C2A9D6521EE7F2000B72967 /* TournamentDetailViewController.swift in Sources */,
				3C95160D21ED4CBE00C7491D /* ShadowView.swift in Sources */,
				3CF1F19A2190E40100C8D561 /* Tournament.swift in Sources */,
				3C64F8102211DB5F0058AA91 /* StateSearchViewController.swift in Sources */,
				3C8E8E6A2190A5AC00C26EA7 /* State.swift in Sources */,
				3CA3A92221AA364E00CA8662 /* UITextField+Extensions.swift in Sources */,
				3C082DEA221494910039C792 /* League.swift in Sources */,
				3C64F82622122EB80058AA91 /* Selectable.swift in Sources */,
				3CFCF30A2190A3C800DFF9FD /* SearchViewController.swift in Sources */,
				3CF1F1A52191730C00C8D561 /* TournamentTableViewCell.swift in Sources */,
				3C64F824221217060058AA91 /* StyleController.swift in Sources */,
				3C880AA5221DF1DE003BF108 /* MainButton.swift in Sources */,
				3C2A9D6121EE462300B72967 /* String+Extension.swift in Sources */,
				3C880AA9221DF790003BF108 /* LeagueController.swift in Sources */,
				3C8E8E6D2190A72400C26EA7 /* Division.swift in Sources */,
				3C241A0521BF284600D35E67 /* TeamDetailViewController.swift in Sources */,
				3C76187F2208E6AE00CA8E6F /* PickerTextField.swift in Sources */,
				3C64F822221205C40058AA91 /* DivisionController.swift in Sources */,
				3C64F820221204B50058AA91 /* FilteredSearchViewController.swift in Sources */,
				3C16CE7F21BF1C5E0095BE30 /* CoreDataStack.swift in Sources */,
				3C64F8182211EA1F0058AA91 /* LabelCollectionViewCell.swift in Sources */,
				3CF1F19C2190E55800C8D561 /* TournamentController.swift in Sources */,
				3C745BD821BF244D008FC97E /* TeamsListViewController.swift in Sources */,
				3C16CE5721BF1A470095BE30 /* Team+Convenience.swift in Sources */,
				3C082DE7221494080039C792 /* TournamentType.swift in Sources */,
				3CFCF2F62190A03700DFF9FD /* AppDelegate.swift in Sources */,
				3C241A0121BF25DC00D35E67 /* TeamTableViewCell.swift in Sources */,
				3C16CE7D21BF1C030095BE30 /* Rugged Spot.xcdatamodeld in Sources */,
				3C64F81A2211ED580058AA91 /* BorderedLabel.swift in Sources */,
				3C16CE5921BF1AE60095BE30 /* TeamController.swift in Sources */,
				3C8E8E6F2190A72C00C26EA7 /* Style.swift in Sources */,
				3C64F81C2211F6220058AA91 /* StateController.swift in Sources */,
			);
			runOnlyForDeploymentPostprocessing = 0;
		};
/* End PBXSourcesBuildPhase section */

/* Begin PBXVariantGroup section */
		3CFCF2F92190A03700DFF9FD /* Search.storyboard */ = {
			isa = PBXVariantGroup;
			children = (
				3CFCF2FA2190A03700DFF9FD /* Base */,
			);
			name = Search.storyboard;
			sourceTree = "<group>";
		};
		3CFCF2FE2190A03B00DFF9FD /* LaunchScreen.storyboard */ = {
			isa = PBXVariantGroup;
			children = (
				3CFCF2FF2190A03B00DFF9FD /* Base */,
			);
			name = LaunchScreen.storyboard;
			sourceTree = "<group>";
		};
/* End PBXVariantGroup section */

/* Begin XCBuildConfiguration section */
		3CFCF3022190A03B00DFF9FD /* Debug */ = {
			isa = XCBuildConfiguration;
			buildSettings = {
				ALWAYS_SEARCH_USER_PATHS = NO;
				CLANG_ANALYZER_NONNULL = YES;
				CLANG_ANALYZER_NUMBER_OBJECT_CONVERSION = YES_AGGRESSIVE;
				CLANG_CXX_LANGUAGE_STANDARD = "gnu++14";
				CLANG_CXX_LIBRARY = "libc++";
				CLANG_ENABLE_MODULES = YES;
				CLANG_ENABLE_OBJC_ARC = YES;
				CLANG_ENABLE_OBJC_WEAK = YES;
				CLANG_WARN_BLOCK_CAPTURE_AUTORELEASING = YES;
				CLANG_WARN_BOOL_CONVERSION = YES;
				CLANG_WARN_COMMA = YES;
				CLANG_WARN_CONSTANT_CONVERSION = YES;
				CLANG_WARN_DEPRECATED_OBJC_IMPLEMENTATIONS = YES;
				CLANG_WARN_DIRECT_OBJC_ISA_USAGE = YES_ERROR;
				CLANG_WARN_DOCUMENTATION_COMMENTS = YES;
				CLANG_WARN_EMPTY_BODY = YES;
				CLANG_WARN_ENUM_CONVERSION = YES;
				CLANG_WARN_INFINITE_RECURSION = YES;
				CLANG_WARN_INT_CONVERSION = YES;
				CLANG_WARN_NON_LITERAL_NULL_CONVERSION = YES;
				CLANG_WARN_OBJC_IMPLICIT_RETAIN_SELF = YES;
				CLANG_WARN_OBJC_LITERAL_CONVERSION = YES;
				CLANG_WARN_OBJC_ROOT_CLASS = YES_ERROR;
				CLANG_WARN_RANGE_LOOP_ANALYSIS = YES;
				CLANG_WARN_STRICT_PROTOTYPES = YES;
				CLANG_WARN_SUSPICIOUS_MOVE = YES;
				CLANG_WARN_UNGUARDED_AVAILABILITY = YES_AGGRESSIVE;
				CLANG_WARN_UNREACHABLE_CODE = YES;
				CLANG_WARN__DUPLICATE_METHOD_MATCH = YES;
				CODE_SIGN_IDENTITY = "iPhone Developer";
				COPY_PHASE_STRIP = NO;
				DEBUG_INFORMATION_FORMAT = dwarf;
				ENABLE_STRICT_OBJC_MSGSEND = YES;
				ENABLE_TESTABILITY = YES;
				GCC_C_LANGUAGE_STANDARD = gnu11;
				GCC_DYNAMIC_NO_PIC = NO;
				GCC_NO_COMMON_BLOCKS = YES;
				GCC_OPTIMIZATION_LEVEL = 0;
				GCC_PREPROCESSOR_DEFINITIONS = (
					"DEBUG=1",
					"$(inherited)",
				);
				GCC_WARN_64_TO_32_BIT_CONVERSION = YES;
				GCC_WARN_ABOUT_RETURN_TYPE = YES_ERROR;
				GCC_WARN_UNDECLARED_SELECTOR = YES;
				GCC_WARN_UNINITIALIZED_AUTOS = YES_AGGRESSIVE;
				GCC_WARN_UNUSED_FUNCTION = YES;
				GCC_WARN_UNUSED_VARIABLE = YES;
				IPHONEOS_DEPLOYMENT_TARGET = 12.0;
				MTL_ENABLE_DEBUG_INFO = INCLUDE_SOURCE;
				MTL_FAST_MATH = YES;
				ONLY_ACTIVE_ARCH = YES;
				SDKROOT = iphoneos;
				SWIFT_ACTIVE_COMPILATION_CONDITIONS = DEBUG;
				SWIFT_OPTIMIZATION_LEVEL = "-Onone";
			};
			name = Debug;
		};
		3CFCF3032190A03B00DFF9FD /* Release */ = {
			isa = XCBuildConfiguration;
			buildSettings = {
				ALWAYS_SEARCH_USER_PATHS = NO;
				CLANG_ANALYZER_NONNULL = YES;
				CLANG_ANALYZER_NUMBER_OBJECT_CONVERSION = YES_AGGRESSIVE;
				CLANG_CXX_LANGUAGE_STANDARD = "gnu++14";
				CLANG_CXX_LIBRARY = "libc++";
				CLANG_ENABLE_MODULES = YES;
				CLANG_ENABLE_OBJC_ARC = YES;
				CLANG_ENABLE_OBJC_WEAK = YES;
				CLANG_WARN_BLOCK_CAPTURE_AUTORELEASING = YES;
				CLANG_WARN_BOOL_CONVERSION = YES;
				CLANG_WARN_COMMA = YES;
				CLANG_WARN_CONSTANT_CONVERSION = YES;
				CLANG_WARN_DEPRECATED_OBJC_IMPLEMENTATIONS = YES;
				CLANG_WARN_DIRECT_OBJC_ISA_USAGE = YES_ERROR;
				CLANG_WARN_DOCUMENTATION_COMMENTS = YES;
				CLANG_WARN_EMPTY_BODY = YES;
				CLANG_WARN_ENUM_CONVERSION = YES;
				CLANG_WARN_INFINITE_RECURSION = YES;
				CLANG_WARN_INT_CONVERSION = YES;
				CLANG_WARN_NON_LITERAL_NULL_CONVERSION = YES;
				CLANG_WARN_OBJC_IMPLICIT_RETAIN_SELF = YES;
				CLANG_WARN_OBJC_LITERAL_CONVERSION = YES;
				CLANG_WARN_OBJC_ROOT_CLASS = YES_ERROR;
				CLANG_WARN_RANGE_LOOP_ANALYSIS = YES;
				CLANG_WARN_STRICT_PROTOTYPES = YES;
				CLANG_WARN_SUSPICIOUS_MOVE = YES;
				CLANG_WARN_UNGUARDED_AVAILABILITY = YES_AGGRESSIVE;
				CLANG_WARN_UNREACHABLE_CODE = YES;
				CLANG_WARN__DUPLICATE_METHOD_MATCH = YES;
				CODE_SIGN_IDENTITY = "iPhone Developer";
				COPY_PHASE_STRIP = NO;
				DEBUG_INFORMATION_FORMAT = "dwarf-with-dsym";
				ENABLE_NS_ASSERTIONS = NO;
				ENABLE_STRICT_OBJC_MSGSEND = YES;
				GCC_C_LANGUAGE_STANDARD = gnu11;
				GCC_NO_COMMON_BLOCKS = YES;
				GCC_WARN_64_TO_32_BIT_CONVERSION = YES;
				GCC_WARN_ABOUT_RETURN_TYPE = YES_ERROR;
				GCC_WARN_UNDECLARED_SELECTOR = YES;
				GCC_WARN_UNINITIALIZED_AUTOS = YES_AGGRESSIVE;
				GCC_WARN_UNUSED_FUNCTION = YES;
				GCC_WARN_UNUSED_VARIABLE = YES;
				IPHONEOS_DEPLOYMENT_TARGET = 12.0;
				MTL_ENABLE_DEBUG_INFO = NO;
				MTL_FAST_MATH = YES;
				SDKROOT = iphoneos;
				SWIFT_COMPILATION_MODE = wholemodule;
				SWIFT_OPTIMIZATION_LEVEL = "-O";
				VALIDATE_PRODUCT = YES;
			};
			name = Release;
		};
		3CFCF3052190A03B00DFF9FD /* Debug */ = {
			isa = XCBuildConfiguration;
			baseConfigurationReference = BD48DD1B7875F268E84463DB /* Pods-Rugged Spot.debug.xcconfig */;
			buildSettings = {
				ASSETCATALOG_COMPILER_APPICON_NAME = AppIcon;
				CODE_SIGN_STYLE = Automatic;
				DEVELOPMENT_TEAM = LWP4U374KN;
				INFOPLIST_FILE = "$(SRCROOT)/Rugged Spot/Resources/Info.plist";
				LD_RUNPATH_SEARCH_PATHS = (
					"$(inherited)",
					"@executable_path/Frameworks",
				);
				PRODUCT_BUNDLE_IDENTIFIER = "io.Lanza.Rugged-Spot";
				PRODUCT_NAME = "$(TARGET_NAME)";
				SWIFT_VERSION = 4.2;
				TARGETED_DEVICE_FAMILY = "1,2";
			};
			name = Debug;
		};
		3CFCF3062190A03B00DFF9FD /* Release */ = {
			isa = XCBuildConfiguration;
			baseConfigurationReference = AB77C89C6F599DA87D8495D1 /* Pods-Rugged Spot.release.xcconfig */;
			buildSettings = {
				ASSETCATALOG_COMPILER_APPICON_NAME = AppIcon;
				CODE_SIGN_STYLE = Automatic;
				DEVELOPMENT_TEAM = LWP4U374KN;
				INFOPLIST_FILE = "$(SRCROOT)/Rugged Spot/Resources/Info.plist";
				LD_RUNPATH_SEARCH_PATHS = (
					"$(inherited)",
					"@executable_path/Frameworks",
				);
				PRODUCT_BUNDLE_IDENTIFIER = "io.Lanza.Rugged-Spot";
				PRODUCT_NAME = "$(TARGET_NAME)";
				SWIFT_VERSION = 4.2;
				TARGETED_DEVICE_FAMILY = "1,2";
			};
			name = Release;
		};
/* End XCBuildConfiguration section */

/* Begin XCConfigurationList section */
		3CFCF2ED2190A03700DFF9FD /* Build configuration list for PBXProject "Rugged Spot" */ = {
			isa = XCConfigurationList;
			buildConfigurations = (
				3CFCF3022190A03B00DFF9FD /* Debug */,
				3CFCF3032190A03B00DFF9FD /* Release */,
			);
			defaultConfigurationIsVisible = 0;
			defaultConfigurationName = Release;
		};
		3CFCF3042190A03B00DFF9FD /* Build configuration list for PBXNativeTarget "Rugged Spot" */ = {
			isa = XCConfigurationList;
			buildConfigurations = (
				3CFCF3052190A03B00DFF9FD /* Debug */,
				3CFCF3062190A03B00DFF9FD /* Release */,
			);
			defaultConfigurationIsVisible = 0;
			defaultConfigurationName = Release;
		};
/* End XCConfigurationList section */

/* Begin XCVersionGroup section */
		3C16CE7B21BF1C030095BE30 /* Rugged Spot.xcdatamodeld */ = {
			isa = XCVersionGroup;
			children = (
				3C16CE7C21BF1C030095BE30 /* Rugged Spot.xcdatamodel */,
			);
			currentVersion = 3C16CE7C21BF1C030095BE30 /* Rugged Spot.xcdatamodel */;
			path = "Rugged Spot.xcdatamodeld";
			sourceTree = "<group>";
			versionGroupType = wrapper.xcdatamodel;
		};
/* End XCVersionGroup section */
	};
	rootObject = 3CFCF2EA2190A03700DFF9FD /* Project object */;
}
